# THIS IS AN AUTOGENERATED FILE. DO NOT EDIT THIS FILE DIRECTLY.
# yarn lockfile v1


"@assemblyscript/loader@^0.18.29":
  version "0.18.29"
  resolved "https://registry.yarnpkg.com/@assemblyscript/loader/-/loader-0.18.29.tgz#42861e26e49aaab897588d8f54e950a3304204ef"
  integrity sha512-XtjVY/oUb8Rk1D9Lu82gYgv7DqEgwXgOL7WxxF05oYi5QhPFv29BijK00b6MGiTTel11lnFra/GuUvTMQx3fzg==

assemblyscript@^0.18.29:
  version "0.18.29"
  resolved "https://registry.yarnpkg.com/assemblyscript/-/assemblyscript-0.18.29.tgz#b6adff3a5f4742da23f78fec46524a16c0e9bde1"
  integrity sha512-fHj5LN0QrsuViF26UQPI5jPxh+o5vpWS1oj3Dv1tD2t4G9Av480t8qWE2ycZ7v4ZEBmC1Ha9QvT+sAUhI141Nw==
  dependencies:
    binaryen "100.0.0-nightly.20210413"
    long "^4.0.0"

binaryen@100.0.0-nightly.20210413:
  version "100.0.0-nightly.20210413"
  resolved "https://registry.yarnpkg.com/binaryen/-/binaryen-100.0.0-nightly.20210413.tgz#b7f2a5bb1f76b2d6f9c67486ca218714b3766790"
  integrity sha512-EeGLIxQmJS0xnYl+SH34mNBqVMoixKd9nsE7S7z+CtS9A4eoWn3Qjav+XElgunUgXIHAI5yLnYT2TUGnLX2f1w==

long@^4.0.0:
  version "4.0.0"
  resolved "https://registry.yarnpkg.com/long/-/long-4.0.0.tgz#9a7b71cfb7d361a194ea555241c92f7468d5bf28"
  integrity sha512-XsP+KhQif4bjX1kbuSiySJFNAehNxgLb6hPRGJ9QsUr8ajHkuXGdrHmFUTUUXhDwVX2R5bY4JNZEwbUiMhV+MA==
